# THIS IS AN AUTOGENERATED FILE. DO NOT EDIT THIS FILE DIRECTLY.
# yarn lockfile v1


"@uirouter/core@5.0.23":
  version "5.0.23"
  resolved "https://registry.yarnpkg.com/@uirouter/core/-/core-5.0.23.tgz#363b4bea635a1b48900dc7e65793a65a3b58a79e"
  integrity sha512-rwFOH++z/KY8y+h0IOpQ5uC8Nim6E0EBCQrIjhVCr+XKYXgpK+VdtuOLFdogvbJ3AAi5Z7ei00qdEr7Did5CAg==

angular-ui-bootstrap@2.1.4:
  version "2.1.4"
  resolved "https://registry.yarnpkg.com/angular-ui-bootstrap/-/angular-ui-bootstrap-2.1.4.tgz#251e6197985a7564c34fbfdae46b4b648693689d"
  integrity sha1-JR5hl5hadWTDT7/a5GtLZIaTaJ0=

angular-ui-router@^1.0.22:
  version "1.0.22"
  resolved "https://registry.yarnpkg.com/angular-ui-router/-/angular-ui-router-1.0.22.tgz#54a88a06baba576e186fa1b4d5aac913eb4ccb08"
  integrity sha512-cuq0+Di6spKEIQ1aZCGORPU9uZzJRFzuiMQDB2vLUDlo1DS8tR8/KxlThqmz6iw+8KtmUArI+5IMINSp/jwUKg==
  dependencies:
    "@uirouter/core" "5.0.23"

angular@1.8.3:
  version "1.8.3"
  resolved "https://registry.yarnpkg.com/angular/-/angular-1.8.3.tgz#851ad75d5163c105a7e329555ef70c90aa706894"
  integrity sha512-5qjkWIQQVsHj4Sb5TcEs4WZWpFeVFHXwxEBHUhrny41D8UrBAd6T/6nPPAsLngJCReIOqi95W3mxdveveutpZw==

bootstrap@3.3.7:
  version "3.3.7"
  resolved "https://registry.yarnpkg.com/bootstrap/-/bootstrap-3.3.7.tgz#5a389394549f23330875a3b150656574f8a9eb71"
  integrity sha1-WjiTlFSfIzMIdaOxUGVldPip63E=

jquery@^3.4.1:
  version "3.4.1"
  resolved "https://registry.yarnpkg.com/jquery/-/jquery-3.4.1.tgz#714f1f8d9dde4bdfa55764ba37ef214630d80ef2"
  integrity sha512-36+AdBzCL+y6qjw5Tx7HgzeGCzC81MDDgaUP8ld2zhx58HdqXGoBd+tHdrBMiyjGQs0Hxs/MLZTu/eHNJJuWPw==

ui-router@^1.0.0-alpha.3:
  version "1.0.0-alpha.3"
  resolved "https://registry.yarnpkg.com/ui-router/-/ui-router-1.0.0-alpha.3.tgz#b29872720228b09af55259e9418f5e14bc07d962"
  integrity sha1-sphycgIosJr1UlnpQY9eFLwH2WI=
